
Microsoft Visual Studio Solution File, Format Version 12.00
# Visual Studio Version 17
VisualStudioVersion = 17.9.34607.119
MinimumVisualStudioVersion = 10.0.40219.1
Project("{F184B08F-C81C-45F6-A57F-5ABD9991F28F}") = "Lab 8", "Lab 8\Lab 8.vbproj", "{A246B9C8-AFD2-4158-8EC7-C5A0043606A5}"
EndProject
Global
	GlobalSection(SolutionConfigurationPlatforms) = preSolution
		Debug|Any CPU = Debug|Any CPU
		Release|Any CPU = Release|Any CPU
	EndGlobalSection
	GlobalSection(ProjectConfigurationPlatforms) = postSolution
		{A246B9C8-AFD2-4158-8EC7-C5A0043606A5}.Debug|Any CPU.ActiveCfg = Debug|Any CPU
		{A246B9C8-AFD2-4158-8EC7-C5A0043606A5}.Debug|Any CPU.Build.0 = Debug|Any CPU
		{A246B9C8-AFD2-4158-8EC7-C5A0043606A5}.Release|Any CPU.ActiveCfg = Release|Any CPU
		{A246B9C8-AFD2-4158-8EC7-C5A0043606A5}.Release|Any CPU.Build.0 = Release|Any CPU
	EndGlobalSection
	GlobalSection(SolutionProperties) = preSolution
		HideSolutionNode = FALSE
	EndGlobalSection
	GlobalSection(ExtensibilityGlobals) = postSolution
		SolutionGuid = {C6A970B5-334D-4BE8-AC22-106B518D7C73}
	EndGlobalSection
EndGlobal
