
Microsoft Visual Studio Solution File, Format Version 12.00
# Visual Studio Version 17
VisualStudioVersion = 17.9.34607.119
MinimumVisualStudioVersion = 10.0.40219.1
Project("{F184B08F-C81C-45F6-A57F-5ABD9991F28F}") = "Lab 6.1", "Lab 6.1\Lab 6.1.vbproj", "{18B4EF29-8EFC-441A-A05D-945060AA5631}"
EndProject
Global
	GlobalSection(SolutionConfigurationPlatforms) = preSolution
		Debug|Any CPU = Debug|Any CPU
		Release|Any CPU = Release|Any CPU
	EndGlobalSection
	GlobalSection(ProjectConfigurationPlatforms) = postSolution
		{18B4EF29-8EFC-441A-A05D-945060AA5631}.Debug|Any CPU.ActiveCfg = Debug|Any CPU
		{18B4EF29-8EFC-441A-A05D-945060AA5631}.Debug|Any CPU.Build.0 = Debug|Any CPU
		{18B4EF29-8EFC-441A-A05D-945060AA5631}.Release|Any CPU.ActiveCfg = Release|Any CPU
		{18B4EF29-8EFC-441A-A05D-945060AA5631}.Release|Any CPU.Build.0 = Release|Any CPU
	EndGlobalSection
	GlobalSection(SolutionProperties) = preSolution
		HideSolutionNode = FALSE
	EndGlobalSection
	GlobalSection(ExtensibilityGlobals) = postSolution
		SolutionGuid = {B122424B-6D84-4413-B029-502D5EF67390}
	EndGlobalSection
EndGlobal
